PODS:
  - Koloda (5.0.1):
    - pop (~> 1.0)
  - pop (1.0.12)
  - Reusable (4.1.2):
    - Reusable/Storyboard (= 4.1.2)
    - Reusable/View (= 4.1.2)
  - Reusable/Storyboard (4.1.2)
  - Reusable/View (4.1.2)
  - Swinject (2.8.1)
  - ZKCarousel (1.1.0)

DEPENDENCIES:
  - Koloda
  - Reusable
  - Swinject
  - ZKCarousel (from `https://github.com/K-vic98/ZKCarousel`)

SPEC REPOS:
  trunk:
    - Koloda
    - pop
    - Reusable
    - Swinject

EXTERNAL SOURCES:
  ZKCarousel:
    :git: https://github.com/K-vic98/ZKCarousel

CHECKOUT OPTIONS:
  ZKCarousel:
    :commit: cbc948b79b5c5c6b76cfdbc1b1e18c3bf7782832
    :git: https://github.com/K-vic98/ZKCarousel

SPEC CHECKSUMS:
  Koloda: d07b9199a383abc5898b62aa945a599f5e7c0c4b
  pop: d582054913807fd11fd50bfe6a539d91c7e1a55a
  Reusable: 6bae6a5e8aa793c9c441db0213c863a64bce9136
  Swinject: 97112918bd7e0785dc2df7036213f3c8cbba6586
  ZKCarousel: 935e0aa9beed83824588d9a82d8bafa5b6fc19db

PODFILE CHECKSUM: bc6e1c6af1ce4c484b6de24049b1f706db0c4046

COCOAPODS: 1.11.3
